
Microsoft Visual Studio Solution File, Format Version 12.00
# Visual Studio 2012
Project("{FAE04EC0-301F-11D3-BF4B-00C04F79EFBC}") = "CakeRobot.Portable", "CakeRobot.Portable\CakeRobot.Portable.csproj", "{8B98D191-1C16-4196-8496-C5D7165D583C}"
EndProject
Global
	GlobalSection(SolutionConfigurationPlatforms) = preSolution
		Debug|Any CPU = Debug|Any CPU
		Release|Any CPU = Release|Any CPU
	EndGlobalSection
	GlobalSection(ProjectConfigurationPlatforms) = postSolution
		{8B98D191-1C16-4196-8496-C5D7165D583C}.Debug|Any CPU.ActiveCfg = Debug|Any CPU
		{8B98D191-1C16-4196-8496-C5D7165D583C}.Debug|Any CPU.Build.0 = Debug|Any CPU
		{8B98D191-1C16-4196-8496-C5D7165D583C}.Release|Any CPU.ActiveCfg = Release|Any CPU
		{8B98D191-1C16-4196-8496-C5D7165D583C}.Release|Any CPU.Build.0 = Release|Any CPU
	EndGlobalSection
	GlobalSection(SolutionProperties) = preSolution
		HideSolutionNode = FALSE
	EndGlobalSection
EndGlobal
